
Microsoft Visual Studio Solution File, Format Version 12.00
# Visual Studio 15
VisualStudioVersion = 15.0.28307.106
MinimumVisualStudioVersion = 10.0.40219.1
Project("{9A19103F-16F7-4668-BE54-9A1E7A4F7556}") = "ProjectOmega.DAL.MsSql", "ProjectOmega.DAL.MsSql\ProjectOmega.DAL.MsSql.csproj", "{8C7813F7-B473-4215-AC2B-EECDC4BB32BB}"
EndProject
Project("{9A19103F-16F7-4668-BE54-9A1E7A4F7556}") = "ProjectOmega.Api", "ProjectOmega.Api\ProjectOmega.Api.csproj", "{D8FD0E09-D1C1-4201-953A-57238702D81E}"
EndProject
Project("{9A19103F-16F7-4668-BE54-9A1E7A4F7556}") = "ProjectOmega.Repositories", "ProjectOmega.Repositories\ProjectOmega.Repositories.csproj", "{BF3640CB-989D-46A7-9F0B-91BEF360318D}"
EndProject
Project("{9A19103F-16F7-4668-BE54-9A1E7A4F7556}") = "ProjectOmega.Data", "ProjectOmega.Data\ProjectOmega.Data.csproj", "{69222048-E4B8-4024-82ED-9ECF8D1DDF3B}"
EndProject
Project("{FAE04EC0-301F-11D3-BF4B-00C04F79EFBC}") = "ProjectOmega.DAL.Firebird", "ProjectOmega.DAL.Firebird\ProjectOmega.DAL.Firebird.csproj", "{ED58D0B6-18F5-4749-B0CC-887A9ADBB81D}"
EndProject
Global
	GlobalSection(SolutionConfigurationPlatforms) = preSolution
		Debug|Any CPU = Debug|Any CPU
		Release|Any CPU = Release|Any CPU
	EndGlobalSection
	GlobalSection(ProjectConfigurationPlatforms) = postSolution
		{8C7813F7-B473-4215-AC2B-EECDC4BB32BB}.Debug|Any CPU.ActiveCfg = Debug|Any CPU
		{8C7813F7-B473-4215-AC2B-EECDC4BB32BB}.Debug|Any CPU.Build.0 = Debug|Any CPU
		{8C7813F7-B473-4215-AC2B-EECDC4BB32BB}.Release|Any CPU.ActiveCfg = Release|Any CPU
		{8C7813F7-B473-4215-AC2B-EECDC4BB32BB}.Release|Any CPU.Build.0 = Release|Any CPU
		{D8FD0E09-D1C1-4201-953A-57238702D81E}.Debug|Any CPU.ActiveCfg = Debug|Any CPU
		{D8FD0E09-D1C1-4201-953A-57238702D81E}.Debug|Any CPU.Build.0 = Debug|Any CPU
		{D8FD0E09-D1C1-4201-953A-57238702D81E}.Release|Any CPU.ActiveCfg = Release|Any CPU
		{D8FD0E09-D1C1-4201-953A-57238702D81E}.Release|Any CPU.Build.0 = Release|Any CPU
		{BF3640CB-989D-46A7-9F0B-91BEF360318D}.Debug|Any CPU.ActiveCfg = Debug|Any CPU
		{BF3640CB-989D-46A7-9F0B-91BEF360318D}.Debug|Any CPU.Build.0 = Debug|Any CPU
		{BF3640CB-989D-46A7-9F0B-91BEF360318D}.Release|Any CPU.ActiveCfg = Release|Any CPU
		{BF3640CB-989D-46A7-9F0B-91BEF360318D}.Release|Any CPU.Build.0 = Release|Any CPU
		{69222048-E4B8-4024-82ED-9ECF8D1DDF3B}.Debug|Any CPU.ActiveCfg = Debug|Any CPU
		{69222048-E4B8-4024-82ED-9ECF8D1DDF3B}.Debug|Any CPU.Build.0 = Debug|Any CPU
		{69222048-E4B8-4024-82ED-9ECF8D1DDF3B}.Release|Any CPU.ActiveCfg = Release|Any CPU
		{69222048-E4B8-4024-82ED-9ECF8D1DDF3B}.Release|Any CPU.Build.0 = Release|Any CPU
		{ED58D0B6-18F5-4749-B0CC-887A9ADBB81D}.Debug|Any CPU.ActiveCfg = Debug|Any CPU
		{ED58D0B6-18F5-4749-B0CC-887A9ADBB81D}.Debug|Any CPU.Build.0 = Debug|Any CPU
		{ED58D0B6-18F5-4749-B0CC-887A9ADBB81D}.Release|Any CPU.ActiveCfg = Release|Any CPU
		{ED58D0B6-18F5-4749-B0CC-887A9ADBB81D}.Release|Any CPU.Build.0 = Release|Any CPU
	EndGlobalSection
	GlobalSection(SolutionProperties) = preSolution
		HideSolutionNode = FALSE
	EndGlobalSection
	GlobalSection(ExtensibilityGlobals) = postSolution
		SolutionGuid = {024F9049-E560-41B1-9EF7-2D9D55BE6D7A}
	EndGlobalSection
EndGlobal
